
Microsoft Visual Studio Solution File, Format Version 12.00
# Visual Studio 15
VisualStudioVersion = 15.0.28307.136
MinimumVisualStudioVersion = 10.0.40219.1
Project("{9A19103F-16F7-4668-BE54-9A1E7A4F7556}") = "Micro.Infrastructure", "src\Micro.Infrastructure\Micro.Infrastructure.csproj", "{0C266433-8344-41E0-9957-8AA52765D08E}"
EndProject
Project("{9A19103F-16F7-4668-BE54-9A1E7A4F7556}") = "Micro.EventBus", "src\Micro.EventBus\Micro.EventBus.csproj", "{9FB779DB-6C3D-43F2-A3D3-1B80D9BC38B2}"
EndProject
Project("{2150E333-8FDC-42A3-9474-1A3956D46DE8}") = "EventBus", "EventBus", "{F3EFC6CA-580F-4676-BAF3-2D94DAF6A87C}"
EndProject
Project("{2150E333-8FDC-42A3-9474-1A3956D46DE8}") = "FileStorage", "FileStorage", "{4D2B7686-DF90-4126-9D76-4DCB0619916E}"
EndProject
Project("{9A19103F-16F7-4668-BE54-9A1E7A4F7556}") = "Micro.FileStorage", "src\Micro.FileStorage\Micro.FileStorage.csproj", "{D9B0538D-0D4A-42BD-9C47-E39D501A01B8}"
EndProject
Project("{9A19103F-16F7-4668-BE54-9A1E7A4F7556}") = "Micro.Utils", "src\Micro.Utils\Micro.Utils.csproj", "{A58FB5DB-E9BC-4A80-8AC8-129E57B4AC66}"
EndProject
Project("{9A19103F-16F7-4668-BE54-9A1E7A4F7556}") = "Micro.EventBus.Redis", "src\Micro.EventBus.Redis\Micro.EventBus.Redis.csproj", "{7FA899B3-0F65-4258-8C93-59F5347216E2}"
EndProject
Project("{9A19103F-16F7-4668-BE54-9A1E7A4F7556}") = "Micro.Utils.Redis", "src\Micro.Utils.Redis\Micro.Utils.Redis.csproj", "{4F66CF9E-9F48-401D-BC67-700A57414AC7}"
EndProject
Project("{FAE04EC0-301F-11D3-BF4B-00C04F79EFBC}") = "Micro.Tests", "test\Micro.Tests\Micro.Tests.csproj", "{799F468B-667C-48C2-8D78-615EACBE40DE}"
EndProject
Project("{2150E333-8FDC-42A3-9474-1A3956D46DE8}") = "Tests", "Tests", "{A2249F72-C5E3-411E-976C-457E745E49AA}"
EndProject
Project("{2150E333-8FDC-42A3-9474-1A3956D46DE8}") = "Examples", "Examples", "{3A9F87B6-A173-4A02-837B-74087E19D318}"
EndProject
Project("{2150E333-8FDC-42A3-9474-1A3956D46DE8}") = "CQRS", "CQRS", "{CBCEF8D1-301B-4976-BCE5-6E63C028AAA8}"
EndProject
Project("{9A19103F-16F7-4668-BE54-9A1E7A4F7556}") = "MediatR.Commands", "example\MediatR.Commands\MediatR.Commands.csproj", "{02B70994-15E1-400E-917E-C6EB20B86C8E}"
EndProject
Project("{9A19103F-16F7-4668-BE54-9A1E7A4F7556}") = "MediatR.Notifications", "example\MediatR.Notifications\MediatR.Notifications.csproj", "{049CB83F-C955-4EC5-AFEA-EE44CBB7A26D}"
EndProject
Project("{9A19103F-16F7-4668-BE54-9A1E7A4F7556}") = "MediatR.Queries", "example\MediatR.Queries\MediatR.Queries.csproj", "{8EEB1043-86E9-49B8-8D8C-2F013FC65545}"
EndProject
Project("{9A19103F-16F7-4668-BE54-9A1E7A4F7556}") = "MediatR.Tests", "example\MediatR.Tests\MediatR.Tests.csproj", "{1EC35A90-4602-407B-8D27-C4CBC7EA8A2F}"
EndProject
Global
	GlobalSection(SolutionConfigurationPlatforms) = preSolution
		Debug|Any CPU = Debug|Any CPU
		Release|Any CPU = Release|Any CPU
	EndGlobalSection
	GlobalSection(ProjectConfigurationPlatforms) = postSolution
		{0C266433-8344-41E0-9957-8AA52765D08E}.Debug|Any CPU.ActiveCfg = Debug|Any CPU
		{0C266433-8344-41E0-9957-8AA52765D08E}.Debug|Any CPU.Build.0 = Debug|Any CPU
		{0C266433-8344-41E0-9957-8AA52765D08E}.Release|Any CPU.ActiveCfg = Release|Any CPU
		{0C266433-8344-41E0-9957-8AA52765D08E}.Release|Any CPU.Build.0 = Release|Any CPU
		{9FB779DB-6C3D-43F2-A3D3-1B80D9BC38B2}.Debug|Any CPU.ActiveCfg = Debug|Any CPU
		{9FB779DB-6C3D-43F2-A3D3-1B80D9BC38B2}.Debug|Any CPU.Build.0 = Debug|Any CPU
		{9FB779DB-6C3D-43F2-A3D3-1B80D9BC38B2}.Release|Any CPU.ActiveCfg = Release|Any CPU
		{9FB779DB-6C3D-43F2-A3D3-1B80D9BC38B2}.Release|Any CPU.Build.0 = Release|Any CPU
		{D9B0538D-0D4A-42BD-9C47-E39D501A01B8}.Debug|Any CPU.ActiveCfg = Debug|Any CPU
		{D9B0538D-0D4A-42BD-9C47-E39D501A01B8}.Debug|Any CPU.Build.0 = Debug|Any CPU
		{D9B0538D-0D4A-42BD-9C47-E39D501A01B8}.Release|Any CPU.ActiveCfg = Release|Any CPU
		{D9B0538D-0D4A-42BD-9C47-E39D501A01B8}.Release|Any CPU.Build.0 = Release|Any CPU
		{A58FB5DB-E9BC-4A80-8AC8-129E57B4AC66}.Debug|Any CPU.ActiveCfg = Debug|Any CPU
		{A58FB5DB-E9BC-4A80-8AC8-129E57B4AC66}.Debug|Any CPU.Build.0 = Debug|Any CPU
		{A58FB5DB-E9BC-4A80-8AC8-129E57B4AC66}.Release|Any CPU.ActiveCfg = Release|Any CPU
		{A58FB5DB-E9BC-4A80-8AC8-129E57B4AC66}.Release|Any CPU.Build.0 = Release|Any CPU
		{7FA899B3-0F65-4258-8C93-59F5347216E2}.Debug|Any CPU.ActiveCfg = Debug|Any CPU
		{7FA899B3-0F65-4258-8C93-59F5347216E2}.Debug|Any CPU.Build.0 = Debug|Any CPU
		{7FA899B3-0F65-4258-8C93-59F5347216E2}.Release|Any CPU.ActiveCfg = Release|Any CPU
		{7FA899B3-0F65-4258-8C93-59F5347216E2}.Release|Any CPU.Build.0 = Release|Any CPU
		{4F66CF9E-9F48-401D-BC67-700A57414AC7}.Debug|Any CPU.ActiveCfg = Debug|Any CPU
		{4F66CF9E-9F48-401D-BC67-700A57414AC7}.Debug|Any CPU.Build.0 = Debug|Any CPU
		{4F66CF9E-9F48-401D-BC67-700A57414AC7}.Release|Any CPU.ActiveCfg = Release|Any CPU
		{4F66CF9E-9F48-401D-BC67-700A57414AC7}.Release|Any CPU.Build.0 = Release|Any CPU
		{799F468B-667C-48C2-8D78-615EACBE40DE}.Debug|Any CPU.ActiveCfg = Debug|Any CPU
		{799F468B-667C-48C2-8D78-615EACBE40DE}.Debug|Any CPU.Build.0 = Debug|Any CPU
		{799F468B-667C-48C2-8D78-615EACBE40DE}.Release|Any CPU.ActiveCfg = Release|Any CPU
		{799F468B-667C-48C2-8D78-615EACBE40DE}.Release|Any CPU.Build.0 = Release|Any CPU
		{02B70994-15E1-400E-917E-C6EB20B86C8E}.Debug|Any CPU.ActiveCfg = Debug|Any CPU
		{02B70994-15E1-400E-917E-C6EB20B86C8E}.Debug|Any CPU.Build.0 = Debug|Any CPU
		{02B70994-15E1-400E-917E-C6EB20B86C8E}.Release|Any CPU.ActiveCfg = Release|Any CPU
		{02B70994-15E1-400E-917E-C6EB20B86C8E}.Release|Any CPU.Build.0 = Release|Any CPU
		{049CB83F-C955-4EC5-AFEA-EE44CBB7A26D}.Debug|Any CPU.ActiveCfg = Debug|Any CPU
		{049CB83F-C955-4EC5-AFEA-EE44CBB7A26D}.Debug|Any CPU.Build.0 = Debug|Any CPU
		{049CB83F-C955-4EC5-AFEA-EE44CBB7A26D}.Release|Any CPU.ActiveCfg = Release|Any CPU
		{049CB83F-C955-4EC5-AFEA-EE44CBB7A26D}.Release|Any CPU.Build.0 = Release|Any CPU
		{8EEB1043-86E9-49B8-8D8C-2F013FC65545}.Debug|Any CPU.ActiveCfg = Debug|Any CPU
		{8EEB1043-86E9-49B8-8D8C-2F013FC65545}.Debug|Any CPU.Build.0 = Debug|Any CPU
		{8EEB1043-86E9-49B8-8D8C-2F013FC65545}.Release|Any CPU.ActiveCfg = Release|Any CPU
		{8EEB1043-86E9-49B8-8D8C-2F013FC65545}.Release|Any CPU.Build.0 = Release|Any CPU
		{1EC35A90-4602-407B-8D27-C4CBC7EA8A2F}.Debug|Any CPU.ActiveCfg = Debug|Any CPU
		{1EC35A90-4602-407B-8D27-C4CBC7EA8A2F}.Debug|Any CPU.Build.0 = Debug|Any CPU
		{1EC35A90-4602-407B-8D27-C4CBC7EA8A2F}.Release|Any CPU.ActiveCfg = Release|Any CPU
		{1EC35A90-4602-407B-8D27-C4CBC7EA8A2F}.Release|Any CPU.Build.0 = Release|Any CPU
	EndGlobalSection
	GlobalSection(SolutionProperties) = preSolution
		HideSolutionNode = FALSE
	EndGlobalSection
	GlobalSection(NestedProjects) = preSolution
		{9FB779DB-6C3D-43F2-A3D3-1B80D9BC38B2} = {F3EFC6CA-580F-4676-BAF3-2D94DAF6A87C}
		{D9B0538D-0D4A-42BD-9C47-E39D501A01B8} = {4D2B7686-DF90-4126-9D76-4DCB0619916E}
		{7FA899B3-0F65-4258-8C93-59F5347216E2} = {F3EFC6CA-580F-4676-BAF3-2D94DAF6A87C}
		{799F468B-667C-48C2-8D78-615EACBE40DE} = {A2249F72-C5E3-411E-976C-457E745E49AA}
		{CBCEF8D1-301B-4976-BCE5-6E63C028AAA8} = {3A9F87B6-A173-4A02-837B-74087E19D318}
		{02B70994-15E1-400E-917E-C6EB20B86C8E} = {CBCEF8D1-301B-4976-BCE5-6E63C028AAA8}
		{049CB83F-C955-4EC5-AFEA-EE44CBB7A26D} = {CBCEF8D1-301B-4976-BCE5-6E63C028AAA8}
		{8EEB1043-86E9-49B8-8D8C-2F013FC65545} = {CBCEF8D1-301B-4976-BCE5-6E63C028AAA8}
		{1EC35A90-4602-407B-8D27-C4CBC7EA8A2F} = {CBCEF8D1-301B-4976-BCE5-6E63C028AAA8}
	EndGlobalSection
	GlobalSection(ExtensibilityGlobals) = postSolution
		SolutionGuid = {52B28BFE-4F11-44D0-B321-28C439FFA32A}
	EndGlobalSection
EndGlobal
